
Microsoft Visual Studio Solution File, Format Version 12.00
# Visual Studio 2013
VisualStudioVersion = 12.0.21005.1
MinimumVisualStudioVersion = 10.0.40219.1
Project("{8BC9CEB8-8B4A-11D0-8D11-00A0C91BC942}") = "week9_task", "week9_task\week9_task.vcxproj", "{D6C058A5-34D5-46EB-9CD8-E8C3F6FB1CF0}"
EndProject
Global
	GlobalSection(SolutionConfigurationPlatforms) = preSolution
		Debug|Win32 = Debug|Win32
		Release|Win32 = Release|Win32
	EndGlobalSection
	GlobalSection(ProjectConfigurationPlatforms) = postSolution
		{D6C058A5-34D5-46EB-9CD8-E8C3F6FB1CF0}.Debug|Win32.ActiveCfg = Debug|Win32
		{D6C058A5-34D5-46EB-9CD8-E8C3F6FB1CF0}.Debug|Win32.Build.0 = Debug|Win32
		{D6C058A5-34D5-46EB-9CD8-E8C3F6FB1CF0}.Release|Win32.ActiveCfg = Release|Win32
		{D6C058A5-34D5-46EB-9CD8-E8C3F6FB1CF0}.Release|Win32.Build.0 = Release|Win32
	EndGlobalSection
	GlobalSection(SolutionProperties) = preSolution
		HideSolutionNode = FALSE
	EndGlobalSection
EndGlobal
