
Microsoft Visual Studio Solution File, Format Version 12.00
# Visual Studio 2013
VisualStudioVersion = 12.0.21005.1
MinimumVisualStudioVersion = 10.0.40219.1
Project("{8BC9CEB8-8B4A-11D0-8D11-00A0C91BC942}") = "C_week4_task", "C_week4_task\C_week4_task.vcxproj", "{BD864408-AC7C-433C-8879-88A9D2F1D8E2}"
EndProject
Global
	GlobalSection(SolutionConfigurationPlatforms) = preSolution
		Debug|Win32 = Debug|Win32
		Release|Win32 = Release|Win32
	EndGlobalSection
	GlobalSection(ProjectConfigurationPlatforms) = postSolution
		{BD864408-AC7C-433C-8879-88A9D2F1D8E2}.Debug|Win32.ActiveCfg = Debug|Win32
		{BD864408-AC7C-433C-8879-88A9D2F1D8E2}.Debug|Win32.Build.0 = Debug|Win32
		{BD864408-AC7C-433C-8879-88A9D2F1D8E2}.Release|Win32.ActiveCfg = Release|Win32
		{BD864408-AC7C-433C-8879-88A9D2F1D8E2}.Release|Win32.Build.0 = Release|Win32
	EndGlobalSection
	GlobalSection(SolutionProperties) = preSolution
		HideSolutionNode = FALSE
	EndGlobalSection
EndGlobal
